
Microsoft Visual Studio Solution File, Format Version 12.00
# Visual Studio Version 16
VisualStudioVersion = 16.0.30114.105
MinimumVisualStudioVersion = 10.0.40219.1
Project("{FAE04EC0-301F-11D3-BF4B-00C04F79EFBC}") = "SampleRegression.ConsoleApp", "SampleRegression.ConsoleApp\SampleRegression.ConsoleApp.csproj", "{3100F8E9-483B-41AE-A263-0ADF73AEA8F5}"
EndProject
Project("{FAE04EC0-301F-11D3-BF4B-00C04F79EFBC}") = "SampleRegression.Model", "SampleRegression.Model\SampleRegression.Model.csproj", "{09FB90C8-9D68-40AA-848A-74131E34A3B6}"
EndProject
Global
	GlobalSection(SolutionConfigurationPlatforms) = preSolution
		Debug|Any CPU = Debug|Any CPU
		Release|Any CPU = Release|Any CPU
	EndGlobalSection
	GlobalSection(SolutionProperties) = preSolution
		HideSolutionNode = FALSE
	EndGlobalSection
	GlobalSection(ProjectConfigurationPlatforms) = postSolution
		{3100F8E9-483B-41AE-A263-0ADF73AEA8F5}.Debug|Any CPU.ActiveCfg = Debug|Any CPU
		{3100F8E9-483B-41AE-A263-0ADF73AEA8F5}.Debug|Any CPU.Build.0 = Debug|Any CPU
		{3100F8E9-483B-41AE-A263-0ADF73AEA8F5}.Release|Any CPU.ActiveCfg = Release|Any CPU
		{3100F8E9-483B-41AE-A263-0ADF73AEA8F5}.Release|Any CPU.Build.0 = Release|Any CPU
		{09FB90C8-9D68-40AA-848A-74131E34A3B6}.Debug|Any CPU.ActiveCfg = Debug|Any CPU
		{09FB90C8-9D68-40AA-848A-74131E34A3B6}.Debug|Any CPU.Build.0 = Debug|Any CPU
		{09FB90C8-9D68-40AA-848A-74131E34A3B6}.Release|Any CPU.ActiveCfg = Release|Any CPU
		{09FB90C8-9D68-40AA-848A-74131E34A3B6}.Release|Any CPU.Build.0 = Release|Any CPU
	EndGlobalSection
EndGlobal
